<?xml version="1.0" encoding="utf-8"?>
<Project ToolsVersion="4.0" xmlns="http://schemas.microsoft.com/developer/msbuild/2003">
  <ItemGroup>
    <Filter Include="Network">
      <UniqueIdentifier>{60910a61-6d93-4b75-b482-9b0b1ed3b257}</UniqueIdentifier>
    </Filter>
    <Filter Include="Utils">
      <UniqueIdentifier>{a57f11f2-1aa9-48a8-a903-2d95553c0bd4}</UniqueIdentifier>
    </Filter>
    <Filter Include="SceneManagement">
      <UniqueIdentifier>{c0c8afb8-0900-4d63-a94e-d4f9c5ab517a}</UniqueIdentifier>
    </Filter>
    <Filter Include="Events">
      <UniqueIdentifier>{ca768458-18d6-495b-9429-2af3fc29386b}</UniqueIdentifier>
    </Filter>
    <Filter Include="GameData">
      <UniqueIdentifier>{9ab6b4e4-4482-4dbf-8a22-91aba951a22e}</UniqueIdentifier>
    </Filter>
  </ItemGroup>
  <ItemGroup>
    <ClCompile Include="main.cpp" />
    <ClCompile Include="src\BoundedBuffer.cpp">
      <Filter>Network</Filter>
    </ClCompile>
    <ClCompile Include="src\TextFile.cpp">
      <Filter>Utils</Filter>
    </ClCompile>
    <ClCompile Include="src\IScene.cpp">
      <Filter>SceneManagement</Filter>
    </ClCompile>
    <ClCompile Include="src\SceneGraph.cpp">
      <Filter>SceneManagement</Filter>
    </ClCompile>
    <ClCompile Include="src\GameScene.cpp">
      <Filter>SceneManagement</Filter>
    </ClCompile>
    <ClCompile Include="src\Application.cpp">
      <Filter>SceneManagement</Filter>
    </ClCompile>
    <ClCompile Include="src\Screen.cpp">
      <Filter>Utils</Filter>
    </ClCompile>
    <ClCompile Include="src\Event.cpp">
      <Filter>Events</Filter>
    </ClCompile>
    <ClCompile Include="src\EventManager.cpp">
      <Filter>Events</Filter>
    </ClCompile>
    <ClCompile Include="src\KeyEvent.cpp">
      <Filter>Utils</Filter>
    </ClCompile>
    <ClCompile Include="src\LogFile.cpp">
      <Filter>Utils</Filter>
    </ClCompile>
    <ClCompile Include="src\NetworkManager.cpp">
      <Filter>Network</Filter>
    </ClCompile>
    <ClCompile Include="src\TitleScene.cpp">
      <Filter>SceneManagement</Filter>
    </ClCompile>
    <ClCompile Include="src\LobbyScene.cpp">
      <Filter>SceneManagement</Filter>
    </ClCompile>
    <ClCompile Include="src\utils.cpp">
      <Filter>Utils</Filter>
    </ClCompile>
    <ClCompile Include="src\MessageParser.cpp">
      <Filter>Network</Filter>
    </ClCompile>
    <ClCompile Include="src\PlayerCredentialBin.cpp">
      <Filter>Network</Filter>
    </ClCompile>
  </ItemGroup>
  <ItemGroup>
    <ClInclude Include="src\BoundedBuffer.h">
      <Filter>Network</Filter>
    </ClInclude>
    <ClInclude Include="src\identifiers.h">
      <Filter>Utils</Filter>
    </ClInclude>
    <ClInclude Include="src\Singleton.h">
      <Filter>Utils</Filter>
    </ClInclude>
    <ClInclude Include="src\TextFile.h">
      <Filter>Utils</Filter>
    </ClInclude>
    <ClInclude Include="src\types.h">
      <Filter>Utils</Filter>
    </ClInclude>
    <ClInclude Include="src\utils.h">
      <Filter>Utils</Filter>
    </ClInclude>
    <ClInclude Include="src\ResourceHolder.h">
      <Filter>Utils</Filter>
    </ClInclude>
    <ClInclude Include="src\IScene.h">
      <Filter>SceneManagement</Filter>
    </ClInclude>
    <ClInclude Include="src\SceneGraph.h">
      <Filter>SceneManagement</Filter>
    </ClInclude>
    <ClInclude Include="src\GameScene.h">
      <Filter>SceneManagement</Filter>
    </ClInclude>
    <ClInclude Include="src\Application.h">
      <Filter>SceneManagement</Filter>
    </ClInclude>
    <ClInclude Include="src\Screen.h">
      <Filter>Utils</Filter>
    </ClInclude>
    <ClInclude Include="src\Event.h">
      <Filter>Events</Filter>
    </ClInclude>
    <ClInclude Include="src\EventHandler.h">
      <Filter>Events</Filter>
    </ClInclude>
    <ClInclude Include="src\EventID.h">
      <Filter>Events</Filter>
    </ClInclude>
    <ClInclude Include="src\EventManager.h">
      <Filter>Events</Filter>
    </ClInclude>
    <ClInclude Include="src\KeyEvent.h">
      <Filter>Utils</Filter>
    </ClInclude>
    <ClInclude Include="src\Point.h">
      <Filter>Utils</Filter>
    </ClInclude>
    <ClInclude Include="src\LogFile.h">
      <Filter>Utils</Filter>
    </ClInclude>
    <ClInclude Include="src\GameObject.h">
      <Filter>GameData</Filter>
    </ClInclude>
    <ClInclude Include="src\NetState.h">
      <Filter>Network</Filter>
    </ClInclude>
    <ClInclude Include="src\NetworkManager.h">
      <Filter>Network</Filter>
    </ClInclude>
    <ClInclude Include="src\TitleScene.h">
      <Filter>SceneManagement</Filter>
    </ClInclude>
    <ClInclude Include="src\LobbyScene.h">
      <Filter>SceneManagement</Filter>
    </ClInclude>
    <ClInclude Include="src\NetPackets.h">
      <Filter>Network</Filter>
    </ClInclude>
    <ClInclude Include="src\MessageParser.h">
      <Filter>Network</Filter>
    </ClInclude>
    <ClInclude Include="src\PlayerCredentialsBin.h">
      <Filter>Network</Filter>
    </ClInclude>
  </ItemGroup>
</Project>